
Microsoft Visual Studio Solution File, Format Version 12.00
# Visual Studio Version 17
VisualStudioVersion = 17.6.33723.286
MinimumVisualStudioVersion = 10.0.40219.1
Project("{FAE04EC0-301F-11D3-BF4B-00C04F79EFBC}") = "TypesAndVariables", "TypesAndVariables\TypesAndVariables.csproj", "{56121677-EBE2-4920-B14A-47FC05B6D05F}"
EndProject
Project("{FAE04EC0-301F-11D3-BF4B-00C04F79EFBC}") = "Conditionals", "Conditionals\Conditionals.csproj", "{832F955D-43E8-40E3-A960-554974AF33A8}"
EndProject
Project("{FAE04EC0-301F-11D3-BF4B-00C04F79EFBC}") = "Methods", "Methods\Methods.csproj", "{8E62CE98-6C71-475B-B5E4-00A1E164C800}"
EndProject
Project("{FAE04EC0-301F-11D3-BF4B-00C04F79EFBC}") = "Arrays", "Arrays\Arrays.csproj", "{A3EF3D59-03D6-4CD2-9C9B-CB15CCA9BD3D}"
EndProject
Project("{FAE04EC0-301F-11D3-BF4B-00C04F79EFBC}") = "Loops", "Loops\Loops.csproj", "{D5B2788A-90A1-4180-9945-DAFF5EA25768}"
EndProject
Project("{FAE04EC0-301F-11D3-BF4B-00C04F79EFBC}") = "Strings", "Strings\Strings.csproj", "{19D1B82C-B858-420B-8066-BD333CA97373}"
EndProject
Project("{FAE04EC0-301F-11D3-BF4B-00C04F79EFBC}") = "Classes", "Classes\Classes.csproj", "{E88A982C-7381-4D0C-A217-1B7AAB846FB4}"
EndProject
Project("{FAE04EC0-301F-11D3-BF4B-00C04F79EFBC}") = "RecapDemo", "RecapDemo\RecapDemo.csproj", "{F8D880ED-E957-45AA-A51F-18C8F50946C8}"
EndProject
Project("{FAE04EC0-301F-11D3-BF4B-00C04F79EFBC}") = "Interfaces", "Interfaces\Interfaces.csproj", "{E6B4D2FF-33A9-4B6E-A2C5-041AD9D633E8}"
EndProject
Project("{FAE04EC0-301F-11D3-BF4B-00C04F79EFBC}") = "İnterfacesDemo", "İnterfacesDemo\İnterfacesDemo.csproj", "{F1C18F12-3CE3-4DC6-A991-683F0FDFD84A}"
EndProject
Project("{FAE04EC0-301F-11D3-BF4B-00C04F79EFBC}") = "İnheritance", "İnheritance\İnheritance.csproj", "{43C6E288-B35B-4E9C-B890-01CD186A03D8}"
EndProject
Project("{FAE04EC0-301F-11D3-BF4B-00C04F79EFBC}") = "VirtualMethod", "VirtualMethod\VirtualMethod.csproj", "{69EF819B-4C37-4E14-BDC4-25B111B3D5FC}"
EndProject
Project("{FAE04EC0-301F-11D3-BF4B-00C04F79EFBC}") = "AbstractClasses", "AbstractClasses\AbstractClasses.csproj", "{8DD78CB1-762C-4CCF-A712-DD1A6F5FA573}"
EndProject
Project("{FAE04EC0-301F-11D3-BF4B-00C04F79EFBC}") = "RecapDemo2", "RecapDemo2\RecapDemo2.csproj", "{16C76F48-6179-4881-8BAB-882A2914477F}"
EndProject
Project("{FAE04EC0-301F-11D3-BF4B-00C04F79EFBC}") = "AccessModifiers", "AccessModifiers\AccessModifiers.csproj", "{589F75B6-602A-4E93-BB36-255D6762ACCA}"
EndProject
Project("{FAE04EC0-301F-11D3-BF4B-00C04F79EFBC}") = "AccessModifiersDemo", "AccessModifiersDemo\AccessModifiersDemo.csproj", "{0EB3ED54-FA08-48D3-9E1C-78EBF39BD09E}"
EndProject
Project("{FAE04EC0-301F-11D3-BF4B-00C04F79EFBC}") = "Constructors", "Constructors\Constructors.csproj", "{C39C4394-BB93-47E2-9496-087FEAD86715}"
EndProject
Project("{FAE04EC0-301F-11D3-BF4B-00C04F79EFBC}") = "ReferenceValueType", "ReferenceValueType\ReferenceValueType.csproj", "{4F9D9763-5099-4F58-8325-20AFB3D2E3CF}"
EndProject
Project("{FAE04EC0-301F-11D3-BF4B-00C04F79EFBC}") = "Collections", "Collections\Collections.csproj", "{A77D5A4E-5C3D-487E-9599-134634296C7A}"
EndProject
Project("{FAE04EC0-301F-11D3-BF4B-00C04F79EFBC}") = "Exceptions", "Exceptions\Exceptions.csproj", "{F36A3E4A-D9FA-4C78-B6BC-5C316D624793}"
EndProject
Project("{FAE04EC0-301F-11D3-BF4B-00C04F79EFBC}") = "AdoNetDemo", "AdoNetDemo\AdoNetDemo.csproj", "{835CE81A-9AAB-4879-B217-A08AE3C670F0}"
EndProject
Project("{FAE04EC0-301F-11D3-BF4B-00C04F79EFBC}") = "EntityFrameworkDemo", "EntityFrameworkDemo\EntityFrameworkDemo.csproj", "{FD3A80A0-9590-4ADA-9EBC-981CD42F3D71}"
EndProject
Project("{FAE04EC0-301F-11D3-BF4B-00C04F79EFBC}") = "OrnekADO", "OrnekADO\OrnekADO.csproj", "{2E106FCC-C84C-4A31-85DB-4BD8CC53D155}"
EndProject
Project("{FAE04EC0-301F-11D3-BF4B-00C04F79EFBC}") = "OrnekAdo2Cmd-Rdr", "OrnekAdo2Cmd-Rdr\OrnekAdo2Cmd-Rdr.csproj", "{918340AA-365D-4ADE-9E97-358B6371295E}"
EndProject
Project("{FAE04EC0-301F-11D3-BF4B-00C04F79EFBC}") = "Generics", "Generics\Generics.csproj", "{8B012C83-0431-4D3B-AF36-B99942D027D6}"
EndProject
Global
	GlobalSection(SolutionConfigurationPlatforms) = preSolution
		Debug|Any CPU = Debug|Any CPU
		Release|Any CPU = Release|Any CPU
	EndGlobalSection
	GlobalSection(ProjectConfigurationPlatforms) = postSolution
		{56121677-EBE2-4920-B14A-47FC05B6D05F}.Debug|Any CPU.ActiveCfg = Debug|Any CPU
		{56121677-EBE2-4920-B14A-47FC05B6D05F}.Debug|Any CPU.Build.0 = Debug|Any CPU
		{56121677-EBE2-4920-B14A-47FC05B6D05F}.Release|Any CPU.ActiveCfg = Release|Any CPU
		{56121677-EBE2-4920-B14A-47FC05B6D05F}.Release|Any CPU.Build.0 = Release|Any CPU
		{832F955D-43E8-40E3-A960-554974AF33A8}.Debug|Any CPU.ActiveCfg = Debug|Any CPU
		{832F955D-43E8-40E3-A960-554974AF33A8}.Debug|Any CPU.Build.0 = Debug|Any CPU
		{832F955D-43E8-40E3-A960-554974AF33A8}.Release|Any CPU.ActiveCfg = Release|Any CPU
		{832F955D-43E8-40E3-A960-554974AF33A8}.Release|Any CPU.Build.0 = Release|Any CPU
		{8E62CE98-6C71-475B-B5E4-00A1E164C800}.Debug|Any CPU.ActiveCfg = Debug|Any CPU
		{8E62CE98-6C71-475B-B5E4-00A1E164C800}.Debug|Any CPU.Build.0 = Debug|Any CPU
		{8E62CE98-6C71-475B-B5E4-00A1E164C800}.Release|Any CPU.ActiveCfg = Release|Any CPU
		{8E62CE98-6C71-475B-B5E4-00A1E164C800}.Release|Any CPU.Build.0 = Release|Any CPU
		{A3EF3D59-03D6-4CD2-9C9B-CB15CCA9BD3D}.Debug|Any CPU.ActiveCfg = Debug|Any CPU
		{A3EF3D59-03D6-4CD2-9C9B-CB15CCA9BD3D}.Debug|Any CPU.Build.0 = Debug|Any CPU
		{A3EF3D59-03D6-4CD2-9C9B-CB15CCA9BD3D}.Release|Any CPU.ActiveCfg = Release|Any CPU
		{A3EF3D59-03D6-4CD2-9C9B-CB15CCA9BD3D}.Release|Any CPU.Build.0 = Release|Any CPU
		{D5B2788A-90A1-4180-9945-DAFF5EA25768}.Debug|Any CPU.ActiveCfg = Debug|Any CPU
		{D5B2788A-90A1-4180-9945-DAFF5EA25768}.Debug|Any CPU.Build.0 = Debug|Any CPU
		{D5B2788A-90A1-4180-9945-DAFF5EA25768}.Release|Any CPU.ActiveCfg = Release|Any CPU
		{D5B2788A-90A1-4180-9945-DAFF5EA25768}.Release|Any CPU.Build.0 = Release|Any CPU
		{19D1B82C-B858-420B-8066-BD333CA97373}.Debug|Any CPU.ActiveCfg = Debug|Any CPU
		{19D1B82C-B858-420B-8066-BD333CA97373}.Debug|Any CPU.Build.0 = Debug|Any CPU
		{19D1B82C-B858-420B-8066-BD333CA97373}.Release|Any CPU.ActiveCfg = Release|Any CPU
		{19D1B82C-B858-420B-8066-BD333CA97373}.Release|Any CPU.Build.0 = Release|Any CPU
		{E88A982C-7381-4D0C-A217-1B7AAB846FB4}.Debug|Any CPU.ActiveCfg = Debug|Any CPU
		{E88A982C-7381-4D0C-A217-1B7AAB846FB4}.Debug|Any CPU.Build.0 = Debug|Any CPU
		{E88A982C-7381-4D0C-A217-1B7AAB846FB4}.Release|Any CPU.ActiveCfg = Release|Any CPU
		{E88A982C-7381-4D0C-A217-1B7AAB846FB4}.Release|Any CPU.Build.0 = Release|Any CPU
		{F8D880ED-E957-45AA-A51F-18C8F50946C8}.Debug|Any CPU.ActiveCfg = Debug|Any CPU
		{F8D880ED-E957-45AA-A51F-18C8F50946C8}.Debug|Any CPU.Build.0 = Debug|Any CPU
		{F8D880ED-E957-45AA-A51F-18C8F50946C8}.Release|Any CPU.ActiveCfg = Release|Any CPU
		{F8D880ED-E957-45AA-A51F-18C8F50946C8}.Release|Any CPU.Build.0 = Release|Any CPU
		{E6B4D2FF-33A9-4B6E-A2C5-041AD9D633E8}.Debug|Any CPU.ActiveCfg = Debug|Any CPU
		{E6B4D2FF-33A9-4B6E-A2C5-041AD9D633E8}.Debug|Any CPU.Build.0 = Debug|Any CPU
		{E6B4D2FF-33A9-4B6E-A2C5-041AD9D633E8}.Release|Any CPU.ActiveCfg = Release|Any CPU
		{E6B4D2FF-33A9-4B6E-A2C5-041AD9D633E8}.Release|Any CPU.Build.0 = Release|Any CPU
		{F1C18F12-3CE3-4DC6-A991-683F0FDFD84A}.Debug|Any CPU.ActiveCfg = Debug|Any CPU
		{F1C18F12-3CE3-4DC6-A991-683F0FDFD84A}.Debug|Any CPU.Build.0 = Debug|Any CPU
		{F1C18F12-3CE3-4DC6-A991-683F0FDFD84A}.Release|Any CPU.ActiveCfg = Release|Any CPU
		{F1C18F12-3CE3-4DC6-A991-683F0FDFD84A}.Release|Any CPU.Build.0 = Release|Any CPU
		{43C6E288-B35B-4E9C-B890-01CD186A03D8}.Debug|Any CPU.ActiveCfg = Debug|Any CPU
		{43C6E288-B35B-4E9C-B890-01CD186A03D8}.Debug|Any CPU.Build.0 = Debug|Any CPU
		{43C6E288-B35B-4E9C-B890-01CD186A03D8}.Release|Any CPU.ActiveCfg = Release|Any CPU
		{43C6E288-B35B-4E9C-B890-01CD186A03D8}.Release|Any CPU.Build.0 = Release|Any CPU
		{69EF819B-4C37-4E14-BDC4-25B111B3D5FC}.Debug|Any CPU.ActiveCfg = Debug|Any CPU
		{69EF819B-4C37-4E14-BDC4-25B111B3D5FC}.Debug|Any CPU.Build.0 = Debug|Any CPU
		{69EF819B-4C37-4E14-BDC4-25B111B3D5FC}.Release|Any CPU.ActiveCfg = Release|Any CPU
		{69EF819B-4C37-4E14-BDC4-25B111B3D5FC}.Release|Any CPU.Build.0 = Release|Any CPU
		{8DD78CB1-762C-4CCF-A712-DD1A6F5FA573}.Debug|Any CPU.ActiveCfg = Debug|Any CPU
		{8DD78CB1-762C-4CCF-A712-DD1A6F5FA573}.Debug|Any CPU.Build.0 = Debug|Any CPU
		{8DD78CB1-762C-4CCF-A712-DD1A6F5FA573}.Release|Any CPU.ActiveCfg = Release|Any CPU
		{8DD78CB1-762C-4CCF-A712-DD1A6F5FA573}.Release|Any CPU.Build.0 = Release|Any CPU
		{16C76F48-6179-4881-8BAB-882A2914477F}.Debug|Any CPU.ActiveCfg = Debug|Any CPU
		{16C76F48-6179-4881-8BAB-882A2914477F}.Debug|Any CPU.Build.0 = Debug|Any CPU
		{16C76F48-6179-4881-8BAB-882A2914477F}.Release|Any CPU.ActiveCfg = Release|Any CPU
		{16C76F48-6179-4881-8BAB-882A2914477F}.Release|Any CPU.Build.0 = Release|Any CPU
		{589F75B6-602A-4E93-BB36-255D6762ACCA}.Debug|Any CPU.ActiveCfg = Debug|Any CPU
		{589F75B6-602A-4E93-BB36-255D6762ACCA}.Debug|Any CPU.Build.0 = Debug|Any CPU
		{589F75B6-602A-4E93-BB36-255D6762ACCA}.Release|Any CPU.ActiveCfg = Release|Any CPU
		{589F75B6-602A-4E93-BB36-255D6762ACCA}.Release|Any CPU.Build.0 = Release|Any CPU
		{0EB3ED54-FA08-48D3-9E1C-78EBF39BD09E}.Debug|Any CPU.ActiveCfg = Debug|Any CPU
		{0EB3ED54-FA08-48D3-9E1C-78EBF39BD09E}.Debug|Any CPU.Build.0 = Debug|Any CPU
		{0EB3ED54-FA08-48D3-9E1C-78EBF39BD09E}.Release|Any CPU.ActiveCfg = Release|Any CPU
		{0EB3ED54-FA08-48D3-9E1C-78EBF39BD09E}.Release|Any CPU.Build.0 = Release|Any CPU
		{C39C4394-BB93-47E2-9496-087FEAD86715}.Debug|Any CPU.ActiveCfg = Debug|Any CPU
		{C39C4394-BB93-47E2-9496-087FEAD86715}.Debug|Any CPU.Build.0 = Debug|Any CPU
		{C39C4394-BB93-47E2-9496-087FEAD86715}.Release|Any CPU.ActiveCfg = Release|Any CPU
		{C39C4394-BB93-47E2-9496-087FEAD86715}.Release|Any CPU.Build.0 = Release|Any CPU
		{4F9D9763-5099-4F58-8325-20AFB3D2E3CF}.Debug|Any CPU.ActiveCfg = Debug|Any CPU
		{4F9D9763-5099-4F58-8325-20AFB3D2E3CF}.Debug|Any CPU.Build.0 = Debug|Any CPU
		{4F9D9763-5099-4F58-8325-20AFB3D2E3CF}.Release|Any CPU.ActiveCfg = Release|Any CPU
		{4F9D9763-5099-4F58-8325-20AFB3D2E3CF}.Release|Any CPU.Build.0 = Release|Any CPU
		{A77D5A4E-5C3D-487E-9599-134634296C7A}.Debug|Any CPU.ActiveCfg = Debug|Any CPU
		{A77D5A4E-5C3D-487E-9599-134634296C7A}.Debug|Any CPU.Build.0 = Debug|Any CPU
		{A77D5A4E-5C3D-487E-9599-134634296C7A}.Release|Any CPU.ActiveCfg = Release|Any CPU
		{A77D5A4E-5C3D-487E-9599-134634296C7A}.Release|Any CPU.Build.0 = Release|Any CPU
		{F36A3E4A-D9FA-4C78-B6BC-5C316D624793}.Debug|Any CPU.ActiveCfg = Debug|Any CPU
		{F36A3E4A-D9FA-4C78-B6BC-5C316D624793}.Debug|Any CPU.Build.0 = Debug|Any CPU
		{F36A3E4A-D9FA-4C78-B6BC-5C316D624793}.Release|Any CPU.ActiveCfg = Release|Any CPU
		{F36A3E4A-D9FA-4C78-B6BC-5C316D624793}.Release|Any CPU.Build.0 = Release|Any CPU
		{835CE81A-9AAB-4879-B217-A08AE3C670F0}.Debug|Any CPU.ActiveCfg = Debug|Any CPU
		{835CE81A-9AAB-4879-B217-A08AE3C670F0}.Debug|Any CPU.Build.0 = Debug|Any CPU
		{835CE81A-9AAB-4879-B217-A08AE3C670F0}.Release|Any CPU.ActiveCfg = Release|Any CPU
		{835CE81A-9AAB-4879-B217-A08AE3C670F0}.Release|Any CPU.Build.0 = Release|Any CPU
		{FD3A80A0-9590-4ADA-9EBC-981CD42F3D71}.Debug|Any CPU.ActiveCfg = Debug|Any CPU
		{FD3A80A0-9590-4ADA-9EBC-981CD42F3D71}.Debug|Any CPU.Build.0 = Debug|Any CPU
		{FD3A80A0-9590-4ADA-9EBC-981CD42F3D71}.Release|Any CPU.ActiveCfg = Release|Any CPU
		{FD3A80A0-9590-4ADA-9EBC-981CD42F3D71}.Release|Any CPU.Build.0 = Release|Any CPU
		{2E106FCC-C84C-4A31-85DB-4BD8CC53D155}.Debug|Any CPU.ActiveCfg = Debug|Any CPU
		{2E106FCC-C84C-4A31-85DB-4BD8CC53D155}.Debug|Any CPU.Build.0 = Debug|Any CPU
		{2E106FCC-C84C-4A31-85DB-4BD8CC53D155}.Release|Any CPU.ActiveCfg = Release|Any CPU
		{2E106FCC-C84C-4A31-85DB-4BD8CC53D155}.Release|Any CPU.Build.0 = Release|Any CPU
		{918340AA-365D-4ADE-9E97-358B6371295E}.Debug|Any CPU.ActiveCfg = Debug|Any CPU
		{918340AA-365D-4ADE-9E97-358B6371295E}.Debug|Any CPU.Build.0 = Debug|Any CPU
		{918340AA-365D-4ADE-9E97-358B6371295E}.Release|Any CPU.ActiveCfg = Release|Any CPU
		{918340AA-365D-4ADE-9E97-358B6371295E}.Release|Any CPU.Build.0 = Release|Any CPU
		{8B012C83-0431-4D3B-AF36-B99942D027D6}.Debug|Any CPU.ActiveCfg = Debug|Any CPU
		{8B012C83-0431-4D3B-AF36-B99942D027D6}.Debug|Any CPU.Build.0 = Debug|Any CPU
		{8B012C83-0431-4D3B-AF36-B99942D027D6}.Release|Any CPU.ActiveCfg = Release|Any CPU
		{8B012C83-0431-4D3B-AF36-B99942D027D6}.Release|Any CPU.Build.0 = Release|Any CPU
	EndGlobalSection
	GlobalSection(SolutionProperties) = preSolution
		HideSolutionNode = FALSE
	EndGlobalSection
	GlobalSection(ExtensibilityGlobals) = postSolution
		SolutionGuid = {4931D0D9-CEDB-4D1D-AD6C-D5B0438FAC9E}
	EndGlobalSection
EndGlobal
