
Microsoft Visual Studio Solution File, Format Version 12.00
# Visual Studio Version 17
VisualStudioVersion = 17.6.33723.286
MinimumVisualStudioVersion = 10.0.40219.1
Project("{FAE04EC0-301F-11D3-BF4B-00C04F79EFBC}") = "TypesAndVariables", "TypesAndVariables\TypesAndVariables.csproj", "{56121677-EBE2-4920-B14A-47FC05B6D05F}"
EndProject
Project("{FAE04EC0-301F-11D3-BF4B-00C04F79EFBC}") = "Conditionals", "Conditionals\Conditionals.csproj", "{832F955D-43E8-40E3-A960-554974AF33A8}"
EndProject
Global
	GlobalSection(SolutionConfigurationPlatforms) = preSolution
		Debug|Any CPU = Debug|Any CPU
		Release|Any CPU = Release|Any CPU
	EndGlobalSection
	GlobalSection(ProjectConfigurationPlatforms) = postSolution
		{56121677-EBE2-4920-B14A-47FC05B6D05F}.Debug|Any CPU.ActiveCfg = Debug|Any CPU
		{56121677-EBE2-4920-B14A-47FC05B6D05F}.Debug|Any CPU.Build.0 = Debug|Any CPU
		{56121677-EBE2-4920-B14A-47FC05B6D05F}.Release|Any CPU.ActiveCfg = Release|Any CPU
		{56121677-EBE2-4920-B14A-47FC05B6D05F}.Release|Any CPU.Build.0 = Release|Any CPU
		{832F955D-43E8-40E3-A960-554974AF33A8}.Debug|Any CPU.ActiveCfg = Debug|Any CPU
		{832F955D-43E8-40E3-A960-554974AF33A8}.Debug|Any CPU.Build.0 = Debug|Any CPU
		{832F955D-43E8-40E3-A960-554974AF33A8}.Release|Any CPU.ActiveCfg = Release|Any CPU
		{832F955D-43E8-40E3-A960-554974AF33A8}.Release|Any CPU.Build.0 = Release|Any CPU
	EndGlobalSection
	GlobalSection(SolutionProperties) = preSolution
		HideSolutionNode = FALSE
	EndGlobalSection
	GlobalSection(ExtensibilityGlobals) = postSolution
		SolutionGuid = {4931D0D9-CEDB-4D1D-AD6C-D5B0438FAC9E}
	EndGlobalSection
EndGlobal
